
Microsoft Visual Studio Solution File, Format Version 12.00
Project("{2150E333-8FDC-42A3-9474-1A3956D46DE8}") = "demo", "demo", "{7A55478E-D5CB-4167-A301-93984F6D2237}"
EndProject
Project("{2150E333-8FDC-42A3-9474-1A3956D46DE8}") = "src", "src", "{0C0F94D0-89CF-40D8-BFF8-4572E3735618}"
EndProject
Project("{2150E333-8FDC-42A3-9474-1A3956D46DE8}") = "tests", "tests", "{9D5B123F-9D89-4F47-93D2-C20156B1D9C4}"
EndProject
Project("{2150E333-8FDC-42A3-9474-1A3956D46DE8}") = "src", "src", "{22C8A283-0805-4123-BCC6-2DC1085CFA66}"
EndProject
Project("{2150E333-8FDC-42A3-9474-1A3956D46DE8}") = "tests", "tests", "{72E96A55-BF2C-431B-8943-E96DFDCFB170}"
EndProject
Project("{2150E333-8FDC-42A3-9474-1A3956D46DE8}") = "backend", "backend", "{2B990F4F-7A16-4ACA-9735-C3350248B75D}"
EndProject
Project("{2150E333-8FDC-42A3-9474-1A3956D46DE8}") = "frontend", "frontend", "{E4606BC3-0366-4CF4-8BC0-A2E6DD87DC35}"
EndProject
Project("{FAE04EC0-301F-11D3-BF4B-00C04F79EFBC}") = "Raftel.Inkventory.Core", "demo\src\backend\Raftel.Inkventory.Core\Raftel.Inkventory.Core.csproj", "{20B58222-B208-4CF7-B49B-45346D78295A}"
EndProject
Project("{FAE04EC0-301F-11D3-BF4B-00C04F79EFBC}") = "Raftel.Inkventory.Application", "demo\src\backend\Raftel.Inkventory.Application\Raftel.Inkventory.Application.csproj", "{C1CA3DEA-AFEB-4E50-9D8A-95B525480AAA}"
EndProject
Project("{FAE04EC0-301F-11D3-BF4B-00C04F79EFBC}") = "Raftel.Inkventory.Data", "demo\src\backend\Raftel.Inkventory.Data\Raftel.Inkventory.Data.csproj", "{DE4AA90D-9D1F-4ABA-822C-E1975B17943F}"
EndProject
Project("{FAE04EC0-301F-11D3-BF4B-00C04F79EFBC}") = "Raftel.Inkventory.Infrastructure", "demo\src\backend\Raftel.Inkventory.Infrastructure\Raftel.Inkventory.Infrastructure.csproj", "{5023FDBB-AE5F-4797-8F54-15407280D053}"
EndProject
Project("{FAE04EC0-301F-11D3-BF4B-00C04F79EFBC}") = "Raftel.Inkventory.Api", "demo\src\backend\Raftel.Inkventory.Api\Raftel.Inkventory.Api.csproj", "{7FDD86C4-F37D-4EEC-A1D2-FFC1B9DC05B6}"
EndProject
Project("{FAE04EC0-301F-11D3-BF4B-00C04F79EFBC}") = "Raftel.Inkventory.Core.Tests", "demo\tests\Raftel.Inkventory.Core.Tests\Raftel.Inkventory.Core.Tests.csproj", "{E34178B5-6CD7-496D-9B3E-C700E641BB43}"
EndProject
Project("{FAE04EC0-301F-11D3-BF4B-00C04F79EFBC}") = "Raftel.Inkventory.Application.Tests", "demo\tests\Raftel.Inkventory.Application.Tests\Raftel.Inkventory.Application.Tests.csproj", "{202DEF15-7A75-4F6A-B415-42CDEC20FB55}"
EndProject
Project("{FAE04EC0-301F-11D3-BF4B-00C04F79EFBC}") = "Raftel.Inkventory.Data.Tests", "demo\tests\Raftel.Inkventory.Data.Tests\Raftel.Inkventory.Data.Tests.csproj", "{B10D604C-6916-44F9-806D-843EC1A075EA}"
EndProject
Project("{FAE04EC0-301F-11D3-BF4B-00C04F79EFBC}") = "Raftel.Inkventory.Architecture.Tests", "demo\tests\Raftel.Inkventory.Architecture.Tests\Raftel.Inkventory.Architecture.Tests.csproj", "{695369CA-2016-4FF9-9F19-1164C73FB277}"
EndProject
Project("{FAE04EC0-301F-11D3-BF4B-00C04F79EFBC}") = "Raftel.Inkventory.Infrastructure.Tests", "demo\tests\Raftel.Inkventory.Infrastructure.Tests\Raftel.Inkventory.Infrastructure.Tests.csproj", "{3982EE6D-E925-44A6-A07E-B80CCAD2D725}"
EndProject
Project("{FAE04EC0-301F-11D3-BF4B-00C04F79EFBC}") = "Raftel.Core", "src\Raftel.Core\Raftel.Core.csproj", "{F8439789-C041-4E67-9C2F-7E81E3BC2A76}"
EndProject
Project("{FAE04EC0-301F-11D3-BF4B-00C04F79EFBC}") = "Raftel.Data", "src\Raftel.Data\Raftel.Data.csproj", "{93583CB7-F7BD-4DE0-AD49-4633F4FE55E4}"
EndProject
Project("{FAE04EC0-301F-11D3-BF4B-00C04F79EFBC}") = "Raftel.Application", "src\Raftel.Application\Raftel.Application.csproj", "{D4648264-152A-4921-B0B7-BC4269F7B47E}"
EndProject
Project("{FAE04EC0-301F-11D3-BF4B-00C04F79EFBC}") = "Raftel.Infrastructure", "Raftel.Infrastructure\Raftel.Infrastructure.csproj", "{BC04EBFA-E91F-4CEA-A0B7-0DDE68575217}"
EndProject
Project("{FAE04EC0-301F-11D3-BF4B-00C04F79EFBC}") = "Raftel.Core.Tests", "tests\Raftel.Core.Tests\Raftel.Core.Tests.csproj", "{D256EC6D-D146-4AD6-B44A-2024159A24F1}"
EndProject
Project("{FAE04EC0-301F-11D3-BF4B-00C04F79EFBC}") = "Raftel.Application.Tests", "tests\Raftel.Application.Tests\Raftel.Application.Tests.csproj", "{B05F8713-C9A5-4F60-80D8-69B86DAB78CB}"
EndProject
Project("{FAE04EC0-301F-11D3-BF4B-00C04F79EFBC}") = "Raftel.Infrastructure.Tests", "tests\Raftel.Infrastructure.Tests\Raftel.Infrastructure.Tests.csproj", "{B945E909-9500-4F0C-8702-9C1F41008933}"
EndProject
Project("{FAE04EC0-301F-11D3-BF4B-00C04F79EFBC}") = "Raftel.Data.Tests", "tests\Raftel.Data.Tests\Raftel.Data.Tests.csproj", "{618A9E98-2E8D-487C-AB41-07C558084C97}"
EndProject
Project("{2150E333-8FDC-42A3-9474-1A3956D46DE8}") = "cli", "cli", "{13D34C3C-8713-452B-AFC9-29B7D2C4A0A5}"
EndProject
Project("{FAE04EC0-301F-11D3-BF4B-00C04F79EFBC}") = "Raftel.Cli", "cli\Raftel.Cli\Raftel.Cli.csproj", "{B17D7B0D-26F1-43D0-BF68-93264A7B3CF5}"
EndProject
Global
	GlobalSection(SolutionConfigurationPlatforms) = preSolution
		Debug|Any CPU = Debug|Any CPU
		Release|Any CPU = Release|Any CPU
	EndGlobalSection
	GlobalSection(NestedProjects) = preSolution
		{22C8A283-0805-4123-BCC6-2DC1085CFA66} = {7A55478E-D5CB-4167-A301-93984F6D2237}
		{72E96A55-BF2C-431B-8943-E96DFDCFB170} = {7A55478E-D5CB-4167-A301-93984F6D2237}
		{2B990F4F-7A16-4ACA-9735-C3350248B75D} = {22C8A283-0805-4123-BCC6-2DC1085CFA66}
		{E4606BC3-0366-4CF4-8BC0-A2E6DD87DC35} = {22C8A283-0805-4123-BCC6-2DC1085CFA66}
		{20B58222-B208-4CF7-B49B-45346D78295A} = {2B990F4F-7A16-4ACA-9735-C3350248B75D}
		{C1CA3DEA-AFEB-4E50-9D8A-95B525480AAA} = {2B990F4F-7A16-4ACA-9735-C3350248B75D}
		{DE4AA90D-9D1F-4ABA-822C-E1975B17943F} = {2B990F4F-7A16-4ACA-9735-C3350248B75D}
		{5023FDBB-AE5F-4797-8F54-15407280D053} = {2B990F4F-7A16-4ACA-9735-C3350248B75D}
		{7FDD86C4-F37D-4EEC-A1D2-FFC1B9DC05B6} = {2B990F4F-7A16-4ACA-9735-C3350248B75D}
		{E34178B5-6CD7-496D-9B3E-C700E641BB43} = {72E96A55-BF2C-431B-8943-E96DFDCFB170}
		{202DEF15-7A75-4F6A-B415-42CDEC20FB55} = {72E96A55-BF2C-431B-8943-E96DFDCFB170}
		{B10D604C-6916-44F9-806D-843EC1A075EA} = {72E96A55-BF2C-431B-8943-E96DFDCFB170}
		{695369CA-2016-4FF9-9F19-1164C73FB277} = {72E96A55-BF2C-431B-8943-E96DFDCFB170}
		{3982EE6D-E925-44A6-A07E-B80CCAD2D725} = {72E96A55-BF2C-431B-8943-E96DFDCFB170}
		{F8439789-C041-4E67-9C2F-7E81E3BC2A76} = {0C0F94D0-89CF-40D8-BFF8-4572E3735618}
		{93583CB7-F7BD-4DE0-AD49-4633F4FE55E4} = {0C0F94D0-89CF-40D8-BFF8-4572E3735618}
		{D4648264-152A-4921-B0B7-BC4269F7B47E} = {0C0F94D0-89CF-40D8-BFF8-4572E3735618}
		{BC04EBFA-E91F-4CEA-A0B7-0DDE68575217} = {0C0F94D0-89CF-40D8-BFF8-4572E3735618}
		{D256EC6D-D146-4AD6-B44A-2024159A24F1} = {9D5B123F-9D89-4F47-93D2-C20156B1D9C4}
		{B05F8713-C9A5-4F60-80D8-69B86DAB78CB} = {9D5B123F-9D89-4F47-93D2-C20156B1D9C4}
		{B945E909-9500-4F0C-8702-9C1F41008933} = {9D5B123F-9D89-4F47-93D2-C20156B1D9C4}
		{618A9E98-2E8D-487C-AB41-07C558084C97} = {9D5B123F-9D89-4F47-93D2-C20156B1D9C4}
		{13D34C3C-8713-452B-AFC9-29B7D2C4A0A5} = {0C0F94D0-89CF-40D8-BFF8-4572E3735618}
		{B17D7B0D-26F1-43D0-BF68-93264A7B3CF5} = {13D34C3C-8713-452B-AFC9-29B7D2C4A0A5}
	EndGlobalSection
	GlobalSection(ProjectConfigurationPlatforms) = postSolution
		{20B58222-B208-4CF7-B49B-45346D78295A}.Debug|Any CPU.ActiveCfg = Debug|Any CPU
		{20B58222-B208-4CF7-B49B-45346D78295A}.Debug|Any CPU.Build.0 = Debug|Any CPU
		{20B58222-B208-4CF7-B49B-45346D78295A}.Release|Any CPU.ActiveCfg = Release|Any CPU
		{20B58222-B208-4CF7-B49B-45346D78295A}.Release|Any CPU.Build.0 = Release|Any CPU
		{C1CA3DEA-AFEB-4E50-9D8A-95B525480AAA}.Debug|Any CPU.ActiveCfg = Debug|Any CPU
		{C1CA3DEA-AFEB-4E50-9D8A-95B525480AAA}.Debug|Any CPU.Build.0 = Debug|Any CPU
		{C1CA3DEA-AFEB-4E50-9D8A-95B525480AAA}.Release|Any CPU.ActiveCfg = Release|Any CPU
		{C1CA3DEA-AFEB-4E50-9D8A-95B525480AAA}.Release|Any CPU.Build.0 = Release|Any CPU
		{DE4AA90D-9D1F-4ABA-822C-E1975B17943F}.Debug|Any CPU.ActiveCfg = Debug|Any CPU
		{DE4AA90D-9D1F-4ABA-822C-E1975B17943F}.Debug|Any CPU.Build.0 = Debug|Any CPU
		{DE4AA90D-9D1F-4ABA-822C-E1975B17943F}.Release|Any CPU.ActiveCfg = Release|Any CPU
		{DE4AA90D-9D1F-4ABA-822C-E1975B17943F}.Release|Any CPU.Build.0 = Release|Any CPU
		{5023FDBB-AE5F-4797-8F54-15407280D053}.Debug|Any CPU.ActiveCfg = Debug|Any CPU
		{5023FDBB-AE5F-4797-8F54-15407280D053}.Debug|Any CPU.Build.0 = Debug|Any CPU
		{5023FDBB-AE5F-4797-8F54-15407280D053}.Release|Any CPU.ActiveCfg = Release|Any CPU
		{5023FDBB-AE5F-4797-8F54-15407280D053}.Release|Any CPU.Build.0 = Release|Any CPU
		{7FDD86C4-F37D-4EEC-A1D2-FFC1B9DC05B6}.Debug|Any CPU.ActiveCfg = Debug|Any CPU
		{7FDD86C4-F37D-4EEC-A1D2-FFC1B9DC05B6}.Debug|Any CPU.Build.0 = Debug|Any CPU
		{7FDD86C4-F37D-4EEC-A1D2-FFC1B9DC05B6}.Release|Any CPU.ActiveCfg = Release|Any CPU
		{7FDD86C4-F37D-4EEC-A1D2-FFC1B9DC05B6}.Release|Any CPU.Build.0 = Release|Any CPU
		{E34178B5-6CD7-496D-9B3E-C700E641BB43}.Debug|Any CPU.ActiveCfg = Debug|Any CPU
		{E34178B5-6CD7-496D-9B3E-C700E641BB43}.Debug|Any CPU.Build.0 = Debug|Any CPU
		{E34178B5-6CD7-496D-9B3E-C700E641BB43}.Release|Any CPU.ActiveCfg = Release|Any CPU
		{E34178B5-6CD7-496D-9B3E-C700E641BB43}.Release|Any CPU.Build.0 = Release|Any CPU
		{202DEF15-7A75-4F6A-B415-42CDEC20FB55}.Debug|Any CPU.ActiveCfg = Debug|Any CPU
		{202DEF15-7A75-4F6A-B415-42CDEC20FB55}.Debug|Any CPU.Build.0 = Debug|Any CPU
		{202DEF15-7A75-4F6A-B415-42CDEC20FB55}.Release|Any CPU.ActiveCfg = Release|Any CPU
		{202DEF15-7A75-4F6A-B415-42CDEC20FB55}.Release|Any CPU.Build.0 = Release|Any CPU
		{B10D604C-6916-44F9-806D-843EC1A075EA}.Debug|Any CPU.ActiveCfg = Debug|Any CPU
		{B10D604C-6916-44F9-806D-843EC1A075EA}.Debug|Any CPU.Build.0 = Debug|Any CPU
		{B10D604C-6916-44F9-806D-843EC1A075EA}.Release|Any CPU.ActiveCfg = Release|Any CPU
		{B10D604C-6916-44F9-806D-843EC1A075EA}.Release|Any CPU.Build.0 = Release|Any CPU
		{695369CA-2016-4FF9-9F19-1164C73FB277}.Debug|Any CPU.ActiveCfg = Debug|Any CPU
		{695369CA-2016-4FF9-9F19-1164C73FB277}.Debug|Any CPU.Build.0 = Debug|Any CPU
		{695369CA-2016-4FF9-9F19-1164C73FB277}.Release|Any CPU.ActiveCfg = Release|Any CPU
		{695369CA-2016-4FF9-9F19-1164C73FB277}.Release|Any CPU.Build.0 = Release|Any CPU
		{3982EE6D-E925-44A6-A07E-B80CCAD2D725}.Debug|Any CPU.ActiveCfg = Debug|Any CPU
		{3982EE6D-E925-44A6-A07E-B80CCAD2D725}.Debug|Any CPU.Build.0 = Debug|Any CPU
		{3982EE6D-E925-44A6-A07E-B80CCAD2D725}.Release|Any CPU.ActiveCfg = Release|Any CPU
		{3982EE6D-E925-44A6-A07E-B80CCAD2D725}.Release|Any CPU.Build.0 = Release|Any CPU
		{F8439789-C041-4E67-9C2F-7E81E3BC2A76}.Debug|Any CPU.ActiveCfg = Debug|Any CPU
		{F8439789-C041-4E67-9C2F-7E81E3BC2A76}.Debug|Any CPU.Build.0 = Debug|Any CPU
		{F8439789-C041-4E67-9C2F-7E81E3BC2A76}.Release|Any CPU.ActiveCfg = Release|Any CPU
		{F8439789-C041-4E67-9C2F-7E81E3BC2A76}.Release|Any CPU.Build.0 = Release|Any CPU
		{93583CB7-F7BD-4DE0-AD49-4633F4FE55E4}.Debug|Any CPU.ActiveCfg = Debug|Any CPU
		{93583CB7-F7BD-4DE0-AD49-4633F4FE55E4}.Debug|Any CPU.Build.0 = Debug|Any CPU
		{93583CB7-F7BD-4DE0-AD49-4633F4FE55E4}.Release|Any CPU.ActiveCfg = Release|Any CPU
		{93583CB7-F7BD-4DE0-AD49-4633F4FE55E4}.Release|Any CPU.Build.0 = Release|Any CPU
		{D4648264-152A-4921-B0B7-BC4269F7B47E}.Debug|Any CPU.ActiveCfg = Debug|Any CPU
		{D4648264-152A-4921-B0B7-BC4269F7B47E}.Debug|Any CPU.Build.0 = Debug|Any CPU
		{D4648264-152A-4921-B0B7-BC4269F7B47E}.Release|Any CPU.ActiveCfg = Release|Any CPU
		{D4648264-152A-4921-B0B7-BC4269F7B47E}.Release|Any CPU.Build.0 = Release|Any CPU
		{BC04EBFA-E91F-4CEA-A0B7-0DDE68575217}.Debug|Any CPU.ActiveCfg = Debug|Any CPU
		{BC04EBFA-E91F-4CEA-A0B7-0DDE68575217}.Debug|Any CPU.Build.0 = Debug|Any CPU
		{BC04EBFA-E91F-4CEA-A0B7-0DDE68575217}.Release|Any CPU.ActiveCfg = Release|Any CPU
		{BC04EBFA-E91F-4CEA-A0B7-0DDE68575217}.Release|Any CPU.Build.0 = Release|Any CPU
		{D256EC6D-D146-4AD6-B44A-2024159A24F1}.Debug|Any CPU.ActiveCfg = Debug|Any CPU
		{D256EC6D-D146-4AD6-B44A-2024159A24F1}.Debug|Any CPU.Build.0 = Debug|Any CPU
		{D256EC6D-D146-4AD6-B44A-2024159A24F1}.Release|Any CPU.ActiveCfg = Release|Any CPU
		{D256EC6D-D146-4AD6-B44A-2024159A24F1}.Release|Any CPU.Build.0 = Release|Any CPU
		{B05F8713-C9A5-4F60-80D8-69B86DAB78CB}.Debug|Any CPU.ActiveCfg = Debug|Any CPU
		{B05F8713-C9A5-4F60-80D8-69B86DAB78CB}.Debug|Any CPU.Build.0 = Debug|Any CPU
		{B05F8713-C9A5-4F60-80D8-69B86DAB78CB}.Release|Any CPU.ActiveCfg = Release|Any CPU
		{B05F8713-C9A5-4F60-80D8-69B86DAB78CB}.Release|Any CPU.Build.0 = Release|Any CPU
		{B945E909-9500-4F0C-8702-9C1F41008933}.Debug|Any CPU.ActiveCfg = Debug|Any CPU
		{B945E909-9500-4F0C-8702-9C1F41008933}.Debug|Any CPU.Build.0 = Debug|Any CPU
		{B945E909-9500-4F0C-8702-9C1F41008933}.Release|Any CPU.ActiveCfg = Release|Any CPU
		{B945E909-9500-4F0C-8702-9C1F41008933}.Release|Any CPU.Build.0 = Release|Any CPU
		{618A9E98-2E8D-487C-AB41-07C558084C97}.Debug|Any CPU.ActiveCfg = Debug|Any CPU
		{618A9E98-2E8D-487C-AB41-07C558084C97}.Debug|Any CPU.Build.0 = Debug|Any CPU
		{618A9E98-2E8D-487C-AB41-07C558084C97}.Release|Any CPU.ActiveCfg = Release|Any CPU
		{618A9E98-2E8D-487C-AB41-07C558084C97}.Release|Any CPU.Build.0 = Release|Any CPU
		{B17D7B0D-26F1-43D0-BF68-93264A7B3CF5}.Debug|Any CPU.ActiveCfg = Debug|Any CPU
		{B17D7B0D-26F1-43D0-BF68-93264A7B3CF5}.Debug|Any CPU.Build.0 = Debug|Any CPU
		{B17D7B0D-26F1-43D0-BF68-93264A7B3CF5}.Release|Any CPU.ActiveCfg = Release|Any CPU
		{B17D7B0D-26F1-43D0-BF68-93264A7B3CF5}.Release|Any CPU.Build.0 = Release|Any CPU
	EndGlobalSection
EndGlobal
