
Microsoft Visual Studio Solution File, Format Version 12.00
Project("{2150E333-8FDC-42A3-9474-1A3956D46DE8}") = "src", "src", "{37FB5593-6445-48AD-9D92-52167A3B526D}"
EndProject
Project("{2150E333-8FDC-42A3-9474-1A3956D46DE8}") = "tests", "tests", "{BB519B61-3B65-4069-A09F-01001DC650B9}"
EndProject
Project("{FAE04EC0-301F-11D3-BF4B-00C04F79EFBC}") = "Raftel.Domain", "src\Raftel.Domain\Raftel.Domain.csproj", "{2EFFCFF4-3D9B-4681-9B4F-64E9F59545BF}"
EndProject
Project("{FAE04EC0-301F-11D3-BF4B-00C04F79EFBC}") = "Raftel.Application", "src\Raftel.Application\Raftel.Application.csproj", "{A4C09E04-9127-4572-AA53-27ED8E2F253D}"
EndProject
Project("{FAE04EC0-301F-11D3-BF4B-00C04F79EFBC}") = "Raftel.Infrastructure", "src\Raftel.Infrastructure\Raftel.Infrastructure.csproj", "{C865A636-DBFA-4439-A92E-76F8221BE7B3}"
EndProject
Project("{FAE04EC0-301F-11D3-BF4B-00C04F79EFBC}") = "Raftel.Application.UnitTests", "tests\Raftel.Application.UnitTests\Raftel.Application.UnitTests.csproj", "{BD9D87E3-E9F8-4312-851C-ECC94C80850C}"
EndProject
Project("{FAE04EC0-301F-11D3-BF4B-00C04F79EFBC}") = "Raftel.Domain.Tests", "tests\Raftel.Domain.Tests\Raftel.Domain.Tests.csproj", "{85A48B9A-7925-466A-B328-BD100845D444}"
EndProject
Project("{FAE04EC0-301F-11D3-BF4B-00C04F79EFBC}") = "Raftel.Infrastructure.Tests", "tests\Raftel.Infrastructure.Tests\Raftel.Infrastructure.Tests.csproj", "{A11594F4-3E8B-4CE6-B4DB-ACEC8D99C01B}"
EndProject
Project("{2150E333-8FDC-42A3-9474-1A3956D46DE8}") = "tools", "tools", "{2628C66E-9787-4BDA-A4AF-EAA96AFE0574}"
EndProject
Project("{FAE04EC0-301F-11D3-BF4B-00C04F79EFBC}") = "Raftel.Cli", "tools\Raftel.Cli\Raftel.Cli.csproj", "{9CD06F2C-90DD-4017-8D7A-C9DB63200F06}"
EndProject
Project("{FAE04EC0-301F-11D3-BF4B-00C04F79EFBC}") = "Raftel.Api.Server", "src\Raftel.Api.Server\Raftel.Api.Server.csproj", "{1A6CB3E5-2CC7-451D-8DE7-D9E6C1C1661D}"
EndProject
Project("{FAE04EC0-301F-11D3-BF4B-00C04F79EFBC}") = "Raftel.Api.FunctionalTests", "tests\Raftel.Api.FunctionalTests\Raftel.Api.FunctionalTests.csproj", "{DEF38B61-773C-4281-8A74-D1C9845D76F3}"
EndProject
Project("{FAE04EC0-301F-11D3-BF4B-00C04F79EFBC}") = "Raftel.Api.FunctionalTests.DemoApi", "tests\Raftel.Api.FunctionalTests.DemoApi\Raftel.Api.FunctionalTests.DemoApi.csproj", "{EF8AB585-E523-4A0C-B8B1-E7DF54EE2FBA}"
EndProject
Project("{FAE04EC0-301F-11D3-BF4B-00C04F79EFBC}") = "Raftel.Tests.Common", "tests\Raftel.Tests.Common\Raftel.Tests.Common.csproj", "{D77D9265-F8D6-442C-9B96-FE0040A42658}"
EndProject
Project("{FAE04EC0-301F-11D3-BF4B-00C04F79EFBC}") = "Raftel.Shared", "src\Raftel.Shared\Raftel.Shared.csproj", "{BCC6B3AA-82CA-4099-8264-780742A04525}"
EndProject
Project("{FAE04EC0-301F-11D3-BF4B-00C04F79EFBC}") = "Raftel.Shared.Tests", "tests\Raftel.Shared.Tests\Raftel.Shared.Tests.csproj", "{749BF784-35C8-456F-A69D-7E8991FC17F9}"
EndProject
Project("{FAE04EC0-301F-11D3-BF4B-00C04F79EFBC}") = "Raftel.Api.Client", "src\Raftel.Api.Client\Raftel.Api.Client.csproj", "{DD2DB4E4-C5FA-425F-A3C0-3EFDDBA78CF1}"
EndProject
Project("{FAE04EC0-301F-11D3-BF4B-00C04F79EFBC}") = "Raftel.Api.Client.UnitTests", "tests\Raftel.Api.Client.UnitTests\Raftel.Api.Client.UnitTests.csproj", "{A018F9FB-E01D-44CE-98C5-51EF922C06FB}"
EndProject
Project("{FAE04EC0-301F-11D3-BF4B-00C04F79EFBC}") = "Raftel.Application.IntegrationTests", "tests\Raftel.Application.IntegrationTests\Raftel.Application.IntegrationTests.csproj", "{C8DD88EE-0C79-48BB-BEA8-3447D003C89F}"
EndProject
Project("{2150E333-8FDC-42A3-9474-1A3956D46DE8}") = "demo", "demo", "{0B37B4C7-E65F-4AF4-81E9-994579E41B4D}"
EndProject
Global
	GlobalSection(SolutionConfigurationPlatforms) = preSolution
		Debug|Any CPU = Debug|Any CPU
		Release|Any CPU = Release|Any CPU
	EndGlobalSection
	GlobalSection(NestedProjects) = preSolution
		{2EFFCFF4-3D9B-4681-9B4F-64E9F59545BF} = {37FB5593-6445-48AD-9D92-52167A3B526D}
		{A4C09E04-9127-4572-AA53-27ED8E2F253D} = {37FB5593-6445-48AD-9D92-52167A3B526D}
		{C865A636-DBFA-4439-A92E-76F8221BE7B3} = {37FB5593-6445-48AD-9D92-52167A3B526D}
		{BD9D87E3-E9F8-4312-851C-ECC94C80850C} = {BB519B61-3B65-4069-A09F-01001DC650B9}
		{85A48B9A-7925-466A-B328-BD100845D444} = {BB519B61-3B65-4069-A09F-01001DC650B9}
		{A11594F4-3E8B-4CE6-B4DB-ACEC8D99C01B} = {BB519B61-3B65-4069-A09F-01001DC650B9}
		{9CD06F2C-90DD-4017-8D7A-C9DB63200F06} = {2628C66E-9787-4BDA-A4AF-EAA96AFE0574}
		{1A6CB3E5-2CC7-451D-8DE7-D9E6C1C1661D} = {37FB5593-6445-48AD-9D92-52167A3B526D}
		{DEF38B61-773C-4281-8A74-D1C9845D76F3} = {BB519B61-3B65-4069-A09F-01001DC650B9}
		{D77D9265-F8D6-442C-9B96-FE0040A42658} = {BB519B61-3B65-4069-A09F-01001DC650B9}
		{BCC6B3AA-82CA-4099-8264-780742A04525} = {37FB5593-6445-48AD-9D92-52167A3B526D}
		{749BF784-35C8-456F-A69D-7E8991FC17F9} = {BB519B61-3B65-4069-A09F-01001DC650B9}
		{DD2DB4E4-C5FA-425F-A3C0-3EFDDBA78CF1} = {37FB5593-6445-48AD-9D92-52167A3B526D}
		{A018F9FB-E01D-44CE-98C5-51EF922C06FB} = {BB519B61-3B65-4069-A09F-01001DC650B9}
		{C8DD88EE-0C79-48BB-BEA8-3447D003C89F} = {BB519B61-3B65-4069-A09F-01001DC650B9}
		{EF8AB585-E523-4A0C-B8B1-E7DF54EE2FBA} = {0B37B4C7-E65F-4AF4-81E9-994579E41B4D}
	EndGlobalSection
	GlobalSection(ProjectConfigurationPlatforms) = postSolution
		{2EFFCFF4-3D9B-4681-9B4F-64E9F59545BF}.Debug|Any CPU.ActiveCfg = Debug|Any CPU
		{2EFFCFF4-3D9B-4681-9B4F-64E9F59545BF}.Debug|Any CPU.Build.0 = Debug|Any CPU
		{2EFFCFF4-3D9B-4681-9B4F-64E9F59545BF}.Release|Any CPU.ActiveCfg = Release|Any CPU
		{2EFFCFF4-3D9B-4681-9B4F-64E9F59545BF}.Release|Any CPU.Build.0 = Release|Any CPU
		{A4C09E04-9127-4572-AA53-27ED8E2F253D}.Debug|Any CPU.ActiveCfg = Debug|Any CPU
		{A4C09E04-9127-4572-AA53-27ED8E2F253D}.Debug|Any CPU.Build.0 = Debug|Any CPU
		{A4C09E04-9127-4572-AA53-27ED8E2F253D}.Release|Any CPU.ActiveCfg = Release|Any CPU
		{A4C09E04-9127-4572-AA53-27ED8E2F253D}.Release|Any CPU.Build.0 = Release|Any CPU
		{C865A636-DBFA-4439-A92E-76F8221BE7B3}.Debug|Any CPU.ActiveCfg = Debug|Any CPU
		{C865A636-DBFA-4439-A92E-76F8221BE7B3}.Debug|Any CPU.Build.0 = Debug|Any CPU
		{C865A636-DBFA-4439-A92E-76F8221BE7B3}.Release|Any CPU.ActiveCfg = Release|Any CPU
		{C865A636-DBFA-4439-A92E-76F8221BE7B3}.Release|Any CPU.Build.0 = Release|Any CPU
		{BD9D87E3-E9F8-4312-851C-ECC94C80850C}.Debug|Any CPU.ActiveCfg = Debug|Any CPU
		{BD9D87E3-E9F8-4312-851C-ECC94C80850C}.Debug|Any CPU.Build.0 = Debug|Any CPU
		{BD9D87E3-E9F8-4312-851C-ECC94C80850C}.Release|Any CPU.ActiveCfg = Release|Any CPU
		{BD9D87E3-E9F8-4312-851C-ECC94C80850C}.Release|Any CPU.Build.0 = Release|Any CPU
		{85A48B9A-7925-466A-B328-BD100845D444}.Debug|Any CPU.ActiveCfg = Debug|Any CPU
		{85A48B9A-7925-466A-B328-BD100845D444}.Debug|Any CPU.Build.0 = Debug|Any CPU
		{85A48B9A-7925-466A-B328-BD100845D444}.Release|Any CPU.ActiveCfg = Release|Any CPU
		{85A48B9A-7925-466A-B328-BD100845D444}.Release|Any CPU.Build.0 = Release|Any CPU
		{A11594F4-3E8B-4CE6-B4DB-ACEC8D99C01B}.Debug|Any CPU.ActiveCfg = Debug|Any CPU
		{A11594F4-3E8B-4CE6-B4DB-ACEC8D99C01B}.Debug|Any CPU.Build.0 = Debug|Any CPU
		{A11594F4-3E8B-4CE6-B4DB-ACEC8D99C01B}.Release|Any CPU.ActiveCfg = Release|Any CPU
		{A11594F4-3E8B-4CE6-B4DB-ACEC8D99C01B}.Release|Any CPU.Build.0 = Release|Any CPU
		{9CD06F2C-90DD-4017-8D7A-C9DB63200F06}.Debug|Any CPU.ActiveCfg = Debug|Any CPU
		{9CD06F2C-90DD-4017-8D7A-C9DB63200F06}.Debug|Any CPU.Build.0 = Debug|Any CPU
		{9CD06F2C-90DD-4017-8D7A-C9DB63200F06}.Release|Any CPU.ActiveCfg = Release|Any CPU
		{9CD06F2C-90DD-4017-8D7A-C9DB63200F06}.Release|Any CPU.Build.0 = Release|Any CPU
		{1A6CB3E5-2CC7-451D-8DE7-D9E6C1C1661D}.Debug|Any CPU.ActiveCfg = Debug|Any CPU
		{1A6CB3E5-2CC7-451D-8DE7-D9E6C1C1661D}.Debug|Any CPU.Build.0 = Debug|Any CPU
		{1A6CB3E5-2CC7-451D-8DE7-D9E6C1C1661D}.Release|Any CPU.ActiveCfg = Release|Any CPU
		{1A6CB3E5-2CC7-451D-8DE7-D9E6C1C1661D}.Release|Any CPU.Build.0 = Release|Any CPU
		{DEF38B61-773C-4281-8A74-D1C9845D76F3}.Debug|Any CPU.ActiveCfg = Debug|Any CPU
		{DEF38B61-773C-4281-8A74-D1C9845D76F3}.Debug|Any CPU.Build.0 = Debug|Any CPU
		{DEF38B61-773C-4281-8A74-D1C9845D76F3}.Release|Any CPU.ActiveCfg = Release|Any CPU
		{DEF38B61-773C-4281-8A74-D1C9845D76F3}.Release|Any CPU.Build.0 = Release|Any CPU
		{EF8AB585-E523-4A0C-B8B1-E7DF54EE2FBA}.Debug|Any CPU.ActiveCfg = Debug|Any CPU
		{EF8AB585-E523-4A0C-B8B1-E7DF54EE2FBA}.Debug|Any CPU.Build.0 = Debug|Any CPU
		{EF8AB585-E523-4A0C-B8B1-E7DF54EE2FBA}.Release|Any CPU.ActiveCfg = Release|Any CPU
		{EF8AB585-E523-4A0C-B8B1-E7DF54EE2FBA}.Release|Any CPU.Build.0 = Release|Any CPU
		{D77D9265-F8D6-442C-9B96-FE0040A42658}.Debug|Any CPU.ActiveCfg = Debug|Any CPU
		{D77D9265-F8D6-442C-9B96-FE0040A42658}.Debug|Any CPU.Build.0 = Debug|Any CPU
		{D77D9265-F8D6-442C-9B96-FE0040A42658}.Release|Any CPU.ActiveCfg = Release|Any CPU
		{D77D9265-F8D6-442C-9B96-FE0040A42658}.Release|Any CPU.Build.0 = Release|Any CPU
		{BCC6B3AA-82CA-4099-8264-780742A04525}.Debug|Any CPU.ActiveCfg = Debug|Any CPU
		{BCC6B3AA-82CA-4099-8264-780742A04525}.Debug|Any CPU.Build.0 = Debug|Any CPU
		{BCC6B3AA-82CA-4099-8264-780742A04525}.Release|Any CPU.ActiveCfg = Release|Any CPU
		{BCC6B3AA-82CA-4099-8264-780742A04525}.Release|Any CPU.Build.0 = Release|Any CPU
		{749BF784-35C8-456F-A69D-7E8991FC17F9}.Debug|Any CPU.ActiveCfg = Debug|Any CPU
		{749BF784-35C8-456F-A69D-7E8991FC17F9}.Debug|Any CPU.Build.0 = Debug|Any CPU
		{749BF784-35C8-456F-A69D-7E8991FC17F9}.Release|Any CPU.ActiveCfg = Release|Any CPU
		{749BF784-35C8-456F-A69D-7E8991FC17F9}.Release|Any CPU.Build.0 = Release|Any CPU
		{DD2DB4E4-C5FA-425F-A3C0-3EFDDBA78CF1}.Debug|Any CPU.ActiveCfg = Debug|Any CPU
		{DD2DB4E4-C5FA-425F-A3C0-3EFDDBA78CF1}.Debug|Any CPU.Build.0 = Debug|Any CPU
		{DD2DB4E4-C5FA-425F-A3C0-3EFDDBA78CF1}.Release|Any CPU.ActiveCfg = Release|Any CPU
		{DD2DB4E4-C5FA-425F-A3C0-3EFDDBA78CF1}.Release|Any CPU.Build.0 = Release|Any CPU
		{A018F9FB-E01D-44CE-98C5-51EF922C06FB}.Debug|Any CPU.ActiveCfg = Debug|Any CPU
		{A018F9FB-E01D-44CE-98C5-51EF922C06FB}.Debug|Any CPU.Build.0 = Debug|Any CPU
		{A018F9FB-E01D-44CE-98C5-51EF922C06FB}.Release|Any CPU.ActiveCfg = Release|Any CPU
		{A018F9FB-E01D-44CE-98C5-51EF922C06FB}.Release|Any CPU.Build.0 = Release|Any CPU
		{C8DD88EE-0C79-48BB-BEA8-3447D003C89F}.Debug|Any CPU.ActiveCfg = Debug|Any CPU
		{C8DD88EE-0C79-48BB-BEA8-3447D003C89F}.Debug|Any CPU.Build.0 = Debug|Any CPU
		{C8DD88EE-0C79-48BB-BEA8-3447D003C89F}.Release|Any CPU.ActiveCfg = Release|Any CPU
		{C8DD88EE-0C79-48BB-BEA8-3447D003C89F}.Release|Any CPU.Build.0 = Release|Any CPU
	EndGlobalSection
EndGlobal
